
Microsoft Visual Studio Solution File, Format Version 12.00
# Visual Studio Version 17
VisualStudioVersion = 17.9.34723.18
MinimumVisualStudioVersion = 10.0.40219.1
Project("{2150E333-8FDC-42A3-9474-1A3956D46DE8}") = "Services", "Services", "{B7216359-40B8-45BB-AD60-2300B412BCFB}"
EndProject
Project("{2150E333-8FDC-42A3-9474-1A3956D46DE8}") = "Catalog", "Catalog", "{4FBBF7AC-6416-46A6-9C63-D6B4991DF2F0}"
EndProject
Project("{FAE04EC0-301F-11D3-BF4B-00C04F79EFBC}") = "Catalog.API", "Services\Catalog\Catalog.API\Catalog.API.csproj", "{FA61FD24-3C2A-4504-A38A-4474FE536FC3}"
EndProject
Project("{2150E333-8FDC-42A3-9474-1A3956D46DE8}") = "BuildingBlocks", "BuildingBlocks", "{61C7BA7B-2EC0-47EB-A95D-99595DB2D94B}"
EndProject
Project("{FAE04EC0-301F-11D3-BF4B-00C04F79EFBC}") = "BuildingBocks", "BuildingBocks\BuildingBocks\BuildingBocks.csproj", "{9399B600-55D2-4719-AA07-E0C91D81FD1F}"
EndProject
Global
	GlobalSection(SolutionConfigurationPlatforms) = preSolution
		Debug|Any CPU = Debug|Any CPU
		Release|Any CPU = Release|Any CPU
	EndGlobalSection
	GlobalSection(ProjectConfigurationPlatforms) = postSolution
		{FA61FD24-3C2A-4504-A38A-4474FE536FC3}.Debug|Any CPU.ActiveCfg = Debug|Any CPU
		{FA61FD24-3C2A-4504-A38A-4474FE536FC3}.Debug|Any CPU.Build.0 = Debug|Any CPU
		{FA61FD24-3C2A-4504-A38A-4474FE536FC3}.Release|Any CPU.ActiveCfg = Release|Any CPU
		{FA61FD24-3C2A-4504-A38A-4474FE536FC3}.Release|Any CPU.Build.0 = Release|Any CPU
		{9399B600-55D2-4719-AA07-E0C91D81FD1F}.Debug|Any CPU.ActiveCfg = Debug|Any CPU
		{9399B600-55D2-4719-AA07-E0C91D81FD1F}.Debug|Any CPU.Build.0 = Debug|Any CPU
		{9399B600-55D2-4719-AA07-E0C91D81FD1F}.Release|Any CPU.ActiveCfg = Release|Any CPU
		{9399B600-55D2-4719-AA07-E0C91D81FD1F}.Release|Any CPU.Build.0 = Release|Any CPU
	EndGlobalSection
	GlobalSection(SolutionProperties) = preSolution
		HideSolutionNode = FALSE
	EndGlobalSection
	GlobalSection(NestedProjects) = preSolution
		{4FBBF7AC-6416-46A6-9C63-D6B4991DF2F0} = {B7216359-40B8-45BB-AD60-2300B412BCFB}
		{FA61FD24-3C2A-4504-A38A-4474FE536FC3} = {4FBBF7AC-6416-46A6-9C63-D6B4991DF2F0}
		{9399B600-55D2-4719-AA07-E0C91D81FD1F} = {61C7BA7B-2EC0-47EB-A95D-99595DB2D94B}
	EndGlobalSection
	GlobalSection(ExtensibilityGlobals) = postSolution
		SolutionGuid = {6B280381-6950-4D99-9EFB-156A089CC651}
	EndGlobalSection
EndGlobal
